
Microsoft Visual Studio Solution File, Format Version 12.00
# Visual Studio Version 16
VisualStudioVersion = 16.0.31624.102
MinimumVisualStudioVersion = 10.0.40219.1
Project("{FAE04EC0-301F-11D3-BF4B-00C04F79EFBC}") = "UniChatApplication", "UniChatApplication.csproj", "{977B9AA9-A0B6-47B4-B805-C24EEFE3BEE9}"
EndProject
Global
	GlobalSection(SolutionConfigurationPlatforms) = preSolution
		Debug|Any CPU = Debug|Any CPU
		Release|Any CPU = Release|Any CPU
	EndGlobalSection
	GlobalSection(ProjectConfigurationPlatforms) = postSolution
		{977B9AA9-A0B6-47B4-B805-C24EEFE3BEE9}.Debug|Any CPU.ActiveCfg = Debug|Any CPU
		{977B9AA9-A0B6-47B4-B805-C24EEFE3BEE9}.Debug|Any CPU.Build.0 = Debug|Any CPU
		{977B9AA9-A0B6-47B4-B805-C24EEFE3BEE9}.Release|Any CPU.ActiveCfg = Release|Any CPU
		{977B9AA9-A0B6-47B4-B805-C24EEFE3BEE9}.Release|Any CPU.Build.0 = Release|Any CPU
	EndGlobalSection
	GlobalSection(SolutionProperties) = preSolution
		HideSolutionNode = FALSE
	EndGlobalSection
	GlobalSection(ExtensibilityGlobals) = postSolution
		SolutionGuid = {E75B19CF-C87A-40F8-835D-72C72EA027EA}
	EndGlobalSection
EndGlobal
